
Microsoft Visual Studio Solution File, Format Version 12.00
# Visual Studio 15
VisualStudioVersion = 15.0.28307.572
MinimumVisualStudioVersion = 10.0.40219.1
Project("{FAE04EC0-301F-11D3-BF4B-00C04F79EFBC}") = "root n degree", "root n degree\root n degree.csproj", "{BEF8EE50-D28E-4D75-93FA-CC0C0929C8C7}"
EndProject
Global
	GlobalSection(SolutionConfigurationPlatforms) = preSolution
		Debug|Any CPU = Debug|Any CPU
		Release|Any CPU = Release|Any CPU
	EndGlobalSection
	GlobalSection(ProjectConfigurationPlatforms) = postSolution
		{BEF8EE50-D28E-4D75-93FA-CC0C0929C8C7}.Debug|Any CPU.ActiveCfg = Debug|Any CPU
		{BEF8EE50-D28E-4D75-93FA-CC0C0929C8C7}.Debug|Any CPU.Build.0 = Debug|Any CPU
		{BEF8EE50-D28E-4D75-93FA-CC0C0929C8C7}.Release|Any CPU.ActiveCfg = Release|Any CPU
		{BEF8EE50-D28E-4D75-93FA-CC0C0929C8C7}.Release|Any CPU.Build.0 = Release|Any CPU
	EndGlobalSection
	GlobalSection(SolutionProperties) = preSolution
		HideSolutionNode = FALSE
	EndGlobalSection
	GlobalSection(ExtensibilityGlobals) = postSolution
		SolutionGuid = {CB381CF2-8C85-4DC4-AE5B-39D589C08500}
	EndGlobalSection
EndGlobal
