
Microsoft Visual Studio Solution File, Format Version 12.00
# Visual Studio 15
VisualStudioVersion = 15.0.28307.572
MinimumVisualStudioVersion = 10.0.40219.1
Project("{FAE04EC0-301F-11D3-BF4B-00C04F79EFBC}") = "Validator", "Validator\Validator.csproj", "{C8E8D7EC-AA72-44D7-B01D-4BC99BECFAEA}"
EndProject
Global
	GlobalSection(SolutionConfigurationPlatforms) = preSolution
		Debug|Any CPU = Debug|Any CPU
		Release|Any CPU = Release|Any CPU
	EndGlobalSection
	GlobalSection(ProjectConfigurationPlatforms) = postSolution
		{C8E8D7EC-AA72-44D7-B01D-4BC99BECFAEA}.Debug|Any CPU.ActiveCfg = Debug|Any CPU
		{C8E8D7EC-AA72-44D7-B01D-4BC99BECFAEA}.Debug|Any CPU.Build.0 = Debug|Any CPU
		{C8E8D7EC-AA72-44D7-B01D-4BC99BECFAEA}.Release|Any CPU.ActiveCfg = Release|Any CPU
		{C8E8D7EC-AA72-44D7-B01D-4BC99BECFAEA}.Release|Any CPU.Build.0 = Release|Any CPU
	EndGlobalSection
	GlobalSection(SolutionProperties) = preSolution
		HideSolutionNode = FALSE
	EndGlobalSection
	GlobalSection(ExtensibilityGlobals) = postSolution
		SolutionGuid = {9EF1C841-7C54-4F74-B9D6-7EB5A314B05D}
	EndGlobalSection
EndGlobal
